// !$*UTF8*$!
{
	archiveVersion = 1;
	classes = {
	};
	objectVersion = 50;
	objects = {

/* Begin PBXBuildFile section */
		C089B21325955B8500048720 /* Carousel_ViewsApp.swift in Sources */ = {isa = PBXBuildFile; fileRef = C089B21225955B8500048720 /* Carousel_ViewsApp.swift */; };
		C089B21525955B8500048720 /* ContentView.swift in Sources */ = {isa = PBXBuildFile; fileRef = C089B21425955B8500048720 /* ContentView.swift */; };
		C089B21725955B8600048720 /* Assets.xcassets in Resources */ = {isa = PBXBuildFile; fileRef = C089B21625955B8600048720 /* Assets.xcassets */; };
		C089B21A25955B8600048720 /* Preview Assets.xcassets in Resources */ = {isa = PBXBuildFile; fileRef = C089B21925955B8600048720 /* Preview Assets.xcassets */; };
		C089B23625956F4600048720 /* CarouselSnapView.swift in Sources */ = {isa = PBXBuildFile; fileRef = C089B23525956F4600048720 /* CarouselSnapView.swift */; };
		C089B23A259575F800048720 /* CardView.swift in Sources */ = {isa = PBXBuildFile; fileRef = C089B239259575F800048720 /* CardView.swift */; };
		C089B23D2595764B00048720 /* Card.swift in Sources */ = {isa = PBXBuildFile; fileRef = C089B23C2595764B00048720 /* Card.swift */; };
		C089B241259577CE00048720 /* CarouselListCenterView.swift in Sources */ = {isa = PBXBuildFile; fileRef = C089B240259577CE00048720 /* CarouselListCenterView.swift */; };
		C089B2452595782E00048720 /* CardModelView.swift in Sources */ = {isa = PBXBuildFile; fileRef = C089B2442595782E00048720 /* CardModelView.swift */; };
		C089B24825957E9100048720 /* CarouselListView.swift in Sources */ = {isa = PBXBuildFile; fileRef = C089B24725957E9100048720 /* CarouselListView.swift */; };
		C089B2542595987900048720 /* CarouselsView.swift in Sources */ = {isa = PBXBuildFile; fileRef = C089B2532595987900048720 /* CarouselsView.swift */; };
/* End PBXBuildFile section */

/* Begin PBXFileReference section */
		C089B20F25955B8500048720 /* Carousel Views.app */ = {isa = PBXFileReference; explicitFileType = wrapper.application; includeInIndex = 0; path = "Carousel Views.app"; sourceTree = BUILT_PRODUCTS_DIR; };
		C089B21225955B8500048720 /* Carousel_ViewsApp.swift */ = {isa = PBXFileReference; lastKnownFileType = sourcecode.swift; path = Carousel_ViewsApp.swift; sourceTree = "<group>"; };
		C089B21425955B8500048720 /* ContentView.swift */ = {isa = PBXFileReference; lastKnownFileType = sourcecode.swift; path = ContentView.swift; sourceTree = "<group>"; };
		C089B21625955B8600048720 /* Assets.xcassets */ = {isa = PBXFileReference; lastKnownFileType = folder.assetcatalog; path = Assets.xcassets; sourceTree = "<group>"; };
		C089B21925955B8600048720 /* Preview Assets.xcassets */ = {isa = PBXFileReference; lastKnownFileType = folder.assetcatalog; path = "Preview Assets.xcassets"; sourceTree = "<group>"; };
		C089B21B25955B8600048720 /* Info.plist */ = {isa = PBXFileReference; lastKnownFileType = text.plist.xml; path = Info.plist; sourceTree = "<group>"; };
		C089B23525956F4600048720 /* CarouselSnapView.swift */ = {isa = PBXFileReference; lastKnownFileType = sourcecode.swift; path = CarouselSnapView.swift; sourceTree = "<group>"; };
		C089B239259575F800048720 /* CardView.swift */ = {isa = PBXFileReference; lastKnownFileType = sourcecode.swift; path = CardView.swift; sourceTree = "<group>"; };
		C089B23C2595764B00048720 /* Card.swift */ = {isa = PBXFileReference; lastKnownFileType = sourcecode.swift; path = Card.swift; sourceTree = "<group>"; };
		C089B240259577CE00048720 /* CarouselListCenterView.swift */ = {isa = PBXFileReference; lastKnownFileType = sourcecode.swift; path = CarouselListCenterView.swift; sourceTree = "<group>"; };
		C089B2442595782E00048720 /* CardModelView.swift */ = {isa = PBXFileReference; lastKnownFileType = sourcecode.swift; path = CardModelView.swift; sourceTree = "<group>"; };
		C089B24725957E9100048720 /* CarouselListView.swift */ = {isa = PBXFileReference; lastKnownFileType = sourcecode.swift; path = CarouselListView.swift; sourceTree = "<group>"; };
		C089B2532595987900048720 /* CarouselsView.swift */ = {isa = PBXFileReference; lastKnownFileType = sourcecode.swift; path = CarouselsView.swift; sourceTree = "<group>"; };
/* End PBXFileReference section */

/* Begin PBXFrameworksBuildPhase section */
		C089B20C25955B8500048720 /* Frameworks */ = {
			isa = PBXFrameworksBuildPhase;
			buildActionMask = 2147483647;
			files = (
			);
			runOnlyForDeploymentPostprocessing = 0;
		};
/* End PBXFrameworksBuildPhase section */

/* Begin PBXGroup section */
		C089B20625955B8500048720 = {
			isa = PBXGroup;
			children = (
				C089B21125955B8500048720 /* Carousel Views */,
				C089B21025955B8500048720 /* Products */,
			);
			sourceTree = "<group>";
		};
		C089B21025955B8500048720 /* Products */ = {
			isa = PBXGroup;
			children = (
				C089B20F25955B8500048720 /* Carousel Views.app */,
			);
			name = Products;
			sourceTree = "<group>";
		};
		C089B21125955B8500048720 /* Carousel Views */ = {
			isa = PBXGroup;
			children = (
				C089B21225955B8500048720 /* Carousel_ViewsApp.swift */,
				C089B21425955B8500048720 /* ContentView.swift */,
				C089B257259598C900048720 /* Models */,
				C089B259259598D000048720 /* ViewModels */,
				C089B24F259597ED00048720 /* Views */,
				C089B21625955B8600048720 /* Assets.xcassets */,
				C089B21B25955B8600048720 /* Info.plist */,
				C089B21825955B8600048720 /* Preview Content */,
			);
			path = "Carousel Views";
			sourceTree = "<group>";
		};
		C089B21825955B8600048720 /* Preview Content */ = {
			isa = PBXGroup;
			children = (
				C089B21925955B8600048720 /* Preview Assets.xcassets */,
			);
			path = "Preview Content";
			sourceTree = "<group>";
		};
		C089B24F259597ED00048720 /* Views */ = {
			isa = PBXGroup;
			children = (
				C089B2532595987900048720 /* CarouselsView.swift */,
				C089B239259575F800048720 /* CardView.swift */,
				C089B23525956F4600048720 /* CarouselSnapView.swift */,
				C089B24725957E9100048720 /* CarouselListView.swift */,
				C089B240259577CE00048720 /* CarouselListCenterView.swift */,
			);
			path = Views;
			sourceTree = "<group>";
		};
		C089B257259598C900048720 /* Models */ = {
			isa = PBXGroup;
			children = (
				C089B23C2595764B00048720 /* Card.swift */,
			);
			path = Models;
			sourceTree = "<group>";
		};
		C089B259259598D000048720 /* ViewModels */ = {
			isa = PBXGroup;
			children = (
				C089B2442595782E00048720 /* CardModelView.swift */,
			);
			path = ViewModels;
			sourceTree = "<group>";
		};
/* End PBXGroup section */

/* Begin PBXNativeTarget section */
		C089B20E25955B8500048720 /* Carousel Views */ = {
			isa = PBXNativeTarget;
			buildConfigurationList = C089B21E25955B8600048720 /* Build configuration list for PBXNativeTarget "Carousel Views" */;
			buildPhases = (
				C089B20B25955B8500048720 /* Sources */,
				C089B20C25955B8500048720 /* Frameworks */,
				C089B20D25955B8500048720 /* Resources */,
			);
			buildRules = (
			);
			dependencies = (
			);
			name = "Carousel Views";
			productName = "Carousel Views";
			productReference = C089B20F25955B8500048720 /* Carousel Views.app */;
			productType = "com.apple.product-type.application";
		};
/* End PBXNativeTarget section */

/* Begin PBXProject section */
		C089B20725955B8500048720 /* Project object */ = {
			isa = PBXProject;
			attributes = {
				LastSwiftUpdateCheck = 1230;
				LastUpgradeCheck = 1230;
				TargetAttributes = {
					C089B20E25955B8500048720 = {
						CreatedOnToolsVersion = 12.3;
					};
				};
			};
			buildConfigurationList = C089B20A25955B8500048720 /* Build configuration list for PBXProject "Carousel Views" */;
			compatibilityVersion = "Xcode 9.3";
			developmentRegion = en;
			hasScannedForEncodings = 0;
			knownRegions = (
				en,
				Base,
			);
			mainGroup = C089B20625955B8500048720;
			productRefGroup = C089B21025955B8500048720 /* Products */;
			projectDirPath = "";
			projectRoot = "";
			targets = (
				C089B20E25955B8500048720 /* Carousel Views */,
			);
		};
/* End PBXProject section */

/* Begin PBXResourcesBuildPhase section */
		C089B20D25955B8500048720 /* Resources */ = {
			isa = PBXResourcesBuildPhase;
			buildActionMask = 2147483647;
			files = (
				C089B21A25955B8600048720 /* Preview Assets.xcassets in Resources */,
				C089B21725955B8600048720 /* Assets.xcassets in Resources */,
			);
			runOnlyForDeploymentPostprocessing = 0;
		};
/* End PBXResourcesBuildPhase section */

/* Begin PBXSourcesBuildPhase section */
		C089B20B25955B8500048720 /* Sources */ = {
			isa = PBXSourcesBuildPhase;
			buildActionMask = 2147483647;
			files = (
				C089B23625956F4600048720 /* CarouselSnapView.swift in Sources */,
				C089B2542595987900048720 /* CarouselsView.swift in Sources */,
				C089B24825957E9100048720 /* CarouselListView.swift in Sources */,
				C089B21525955B8500048720 /* ContentView.swift in Sources */,
				C089B2452595782E00048720 /* CardModelView.swift in Sources */,
				C089B23D2595764B00048720 /* Card.swift in Sources */,
				C089B23A259575F800048720 /* CardView.swift in Sources */,
				C089B241259577CE00048720 /* CarouselListCenterView.swift in Sources */,
				C089B21325955B8500048720 /* Carousel_ViewsApp.swift in Sources */,
			);
			runOnlyForDeploymentPostprocessing = 0;
		};
/* End PBXSourcesBuildPhase section */

/* Begin XCBuildConfiguration section */
		C089B21C25955B8600048720 /* Debug */ = {
			isa = XCBuildConfiguration;
			buildSettings = {
				ALWAYS_SEARCH_USER_PATHS = NO;
				CLANG_ANALYZER_NONNULL = YES;
				CLANG_ANALYZER_NUMBER_OBJECT_CONVERSION = YES_AGGRESSIVE;
				CLANG_CXX_LANGUAGE_STANDARD = "gnu++14";
				CLANG_CXX_LIBRARY = "libc++";
				CLANG_ENABLE_MODULES = YES;
				CLANG_ENABLE_OBJC_ARC = YES;
				CLANG_ENABLE_OBJC_WEAK = YES;
				CLANG_WARN_BLOCK_CAPTURE_AUTORELEASING = YES;
				CLANG_WARN_BOOL_CONVERSION = YES;
				CLANG_WARN_COMMA = YES;
				CLANG_WARN_CONSTANT_CONVERSION = YES;
				CLANG_WARN_DEPRECATED_OBJC_IMPLEMENTATIONS = YES;
				CLANG_WARN_DIRECT_OBJC_ISA_USAGE = YES_ERROR;
				CLANG_WARN_DOCUMENTATION_COMMENTS = YES;
				CLANG_WARN_EMPTY_BODY = YES;
				CLANG_WARN_ENUM_CONVERSION = YES;
				CLANG_WARN_INFINITE_RECURSION = YES;
				CLANG_WARN_INT_CONVERSION = YES;
				CLANG_WARN_NON_LITERAL_NULL_CONVERSION = YES;
				CLANG_WARN_OBJC_IMPLICIT_RETAIN_SELF = YES;
				CLANG_WARN_OBJC_LITERAL_CONVERSION = YES;
				CLANG_WARN_OBJC_ROOT_CLASS = YES_ERROR;
				CLANG_WARN_QUOTED_INCLUDE_IN_FRAMEWORK_HEADER = YES;
				CLANG_WARN_RANGE_LOOP_ANALYSIS = YES;
				CLANG_WARN_STRICT_PROTOTYPES = YES;
				CLANG_WARN_SUSPICIOUS_MOVE = YES;
				CLANG_WARN_UNGUARDED_AVAILABILITY = YES_AGGRESSIVE;
				CLANG_WARN_UNREACHABLE_CODE = YES;
				CLANG_WARN__DUPLICATE_METHOD_MATCH = YES;
				COPY_PHASE_STRIP = NO;
				DEBUG_INFORMATION_FORMAT = dwarf;
				ENABLE_STRICT_OBJC_MSGSEND = YES;
				ENABLE_TESTABILITY = YES;
				GCC_C_LANGUAGE_STANDARD = gnu11;
				GCC_DYNAMIC_NO_PIC = NO;
				GCC_NO_COMMON_BLOCKS = YES;
				GCC_OPTIMIZATION_LEVEL = 0;
				GCC_PREPROCESSOR_DEFINITIONS = (
					"DEBUG=1",
					"$(inherited)",
				);
				GCC_WARN_64_TO_32_BIT_CONVERSION = YES;
				GCC_WARN_ABOUT_RETURN_TYPE = YES_ERROR;
				GCC_WARN_UNDECLARED_SELECTOR = YES;
				GCC_WARN_UNINITIALIZED_AUTOS = YES_AGGRESSIVE;
				GCC_WARN_UNUSED_FUNCTION = YES;
				GCC_WARN_UNUSED_VARIABLE = YES;
				IPHONEOS_DEPLOYMENT_TARGET = 14.3;
				MTL_ENABLE_DEBUG_INFO = INCLUDE_SOURCE;
				MTL_FAST_MATH = YES;
				ONLY_ACTIVE_ARCH = YES;
				SDKROOT = iphoneos;
				SWIFT_ACTIVE_COMPILATION_CONDITIONS = DEBUG;
				SWIFT_OPTIMIZATION_LEVEL = "-Onone";
			};
			name = Debug;
		};
		C089B21D25955B8600048720 /* Release */ = {
			isa = XCBuildConfiguration;
			buildSettings = {
				ALWAYS_SEARCH_USER_PATHS = NO;
				CLANG_ANALYZER_NONNULL = YES;
				CLANG_ANALYZER_NUMBER_OBJECT_CONVERSION = YES_AGGRESSIVE;
				CLANG_CXX_LANGUAGE_STANDARD = "gnu++14";
				CLANG_CXX_LIBRARY = "libc++";
				CLANG_ENABLE_MODULES = YES;
				CLANG_ENABLE_OBJC_ARC = YES;
				CLANG_ENABLE_OBJC_WEAK = YES;
				CLANG_WARN_BLOCK_CAPTURE_AUTORELEASING = YES;
				CLANG_WARN_BOOL_CONVERSION = YES;
				CLANG_WARN_COMMA = YES;
				CLANG_WARN_CONSTANT_CONVERSION = YES;
				CLANG_WARN_DEPRECATED_OBJC_IMPLEMENTATIONS = YES;
				CLANG_WARN_DIRECT_OBJC_ISA_USAGE = YES_ERROR;
				CLANG_WARN_DOCUMENTATION_COMMENTS = YES;
				CLANG_WARN_EMPTY_BODY = YES;
				CLANG_WARN_ENUM_CONVERSION = YES;
				CLANG_WARN_INFINITE_RECURSION = YES;
				CLANG_WARN_INT_CONVERSION = YES;
				CLANG_WARN_NON_LITERAL_NULL_CONVERSION = YES;
				CLANG_WARN_OBJC_IMPLICIT_RETAIN_SELF = YES;
				CLANG_WARN_OBJC_LITERAL_CONVERSION = YES;
				CLANG_WARN_OBJC_ROOT_CLASS = YES_ERROR;
				CLANG_WARN_QUOTED_INCLUDE_IN_FRAMEWORK_HEADER = YES;
				CLANG_WARN_RANGE_LOOP_ANALYSIS = YES;
				CLANG_WARN_STRICT_PROTOTYPES = YES;
				CLANG_WARN_SUSPICIOUS_MOVE = YES;
				CLANG_WARN_UNGUARDED_AVAILABILITY = YES_AGGRESSIVE;
				CLANG_WARN_UNREACHABLE_CODE = YES;
				CLANG_WARN__DUPLICATE_METHOD_MATCH = YES;
				COPY_PHASE_STRIP = NO;
				DEBUG_INFORMATION_FORMAT = "dwarf-with-dsym";
				ENABLE_NS_ASSERTIONS = NO;
				ENABLE_STRICT_OBJC_MSGSEND = YES;
				GCC_C_LANGUAGE_STANDARD = gnu11;
				GCC_NO_COMMON_BLOCKS = YES;
				GCC_WARN_64_TO_32_BIT_CONVERSION = YES;
				GCC_WARN_ABOUT_RETURN_TYPE = YES_ERROR;
				GCC_WARN_UNDECLARED_SELECTOR = YES;
				GCC_WARN_UNINITIALIZED_AUTOS = YES_AGGRESSIVE;
				GCC_WARN_UNUSED_FUNCTION = YES;
				GCC_WARN_UNUSED_VARIABLE = YES;
				IPHONEOS_DEPLOYMENT_TARGET = 14.3;
				MTL_ENABLE_DEBUG_INFO = NO;
				MTL_FAST_MATH = YES;
				SDKROOT = iphoneos;
				SWIFT_COMPILATION_MODE = wholemodule;
				SWIFT_OPTIMIZATION_LEVEL = "-O";
				VALIDATE_PRODUCT = YES;
			};
			name = Release;
		};
		C089B21F25955B8600048720 /* Debug */ = {
			isa = XCBuildConfiguration;
			buildSettings = {
				ASSETCATALOG_COMPILER_APPICON_NAME = AppIcon;
				ASSETCATALOG_COMPILER_GLOBAL_ACCENT_COLOR_NAME = AccentColor;
				CODE_SIGN_STYLE = Automatic;
				DEVELOPMENT_ASSET_PATHS = "\"Carousel Views/Preview Content\"";
				DEVELOPMENT_TEAM = 7UWQ7HF465;
				ENABLE_PREVIEWS = YES;
				INFOPLIST_FILE = "Carousel Views/Info.plist";
				IPHONEOS_DEPLOYMENT_TARGET = 14.0;
				LD_RUNPATH_SEARCH_PATHS = (
					"$(inherited)",
					"@executable_path/Frameworks",
				);
				PRODUCT_BUNDLE_IDENTIFIER = "com.arraisi.Carousel-Views";
				PRODUCT_NAME = "$(TARGET_NAME)";
				SWIFT_VERSION = 5.0;
				TARGETED_DEVICE_FAMILY = "1,2";
			};
			name = Debug;
		};
		C089B22025955B8600048720 /* Release */ = {
			isa = XCBuildConfiguration;
			buildSettings = {
				ASSETCATALOG_COMPILER_APPICON_NAME = AppIcon;
				ASSETCATALOG_COMPILER_GLOBAL_ACCENT_COLOR_NAME = AccentColor;
				CODE_SIGN_STYLE = Automatic;
				DEVELOPMENT_ASSET_PATHS = "\"Carousel Views/Preview Content\"";
				DEVELOPMENT_TEAM = 7UWQ7HF465;
				ENABLE_PREVIEWS = YES;
				INFOPLIST_FILE = "Carousel Views/Info.plist";
				IPHONEOS_DEPLOYMENT_TARGET = 14.0;
				LD_RUNPATH_SEARCH_PATHS = (
					"$(inherited)",
					"@executable_path/Frameworks",
				);
				PRODUCT_BUNDLE_IDENTIFIER = "com.arraisi.Carousel-Views";
				PRODUCT_NAME = "$(TARGET_NAME)";
				SWIFT_VERSION = 5.0;
				TARGETED_DEVICE_FAMILY = "1,2";
			};
			name = Release;
		};
/* End XCBuildConfiguration section */

/* Begin XCConfigurationList section */
		C089B20A25955B8500048720 /* Build configuration list for PBXProject "Carousel Views" */ = {
			isa = XCConfigurationList;
			buildConfigurations = (
				C089B21C25955B8600048720 /* Debug */,
				C089B21D25955B8600048720 /* Release */,
			);
			defaultConfigurationIsVisible = 0;
			defaultConfigurationName = Release;
		};
		C089B21E25955B8600048720 /* Build configuration list for PBXNativeTarget "Carousel Views" */ = {
			isa = XCConfigurationList;
			buildConfigurations = (
				C089B21F25955B8600048720 /* Debug */,
				C089B22025955B8600048720 /* Release */,
			);
			defaultConfigurationIsVisible = 0;
			defaultConfigurationName = Release;
		};
/* End XCConfigurationList section */
	};
	rootObject = C089B20725955B8500048720 /* Project object */;
}
